
Microsoft Visual Studio Solution File, Format Version 12.00
# Visual Studio Version 16
VisualStudioVersion = 16.0.31129.286
MinimumVisualStudioVersion = 10.0.40219.1
Project("{FAE04EC0-301F-11D3-BF4B-00C04F79EFBC}") = "treino_notify", "treino_notify.csproj", "{85D5E777-08C9-4F55-A422-C63C1A6DD104}"
EndProject
Global
	GlobalSection(SolutionConfigurationPlatforms) = preSolution
		Debug|Any CPU = Debug|Any CPU
		Release|Any CPU = Release|Any CPU
	EndGlobalSection
	GlobalSection(ProjectConfigurationPlatforms) = postSolution
		{85D5E777-08C9-4F55-A422-C63C1A6DD104}.Debug|Any CPU.ActiveCfg = Debug|Any CPU
		{85D5E777-08C9-4F55-A422-C63C1A6DD104}.Debug|Any CPU.Build.0 = Debug|Any CPU
		{85D5E777-08C9-4F55-A422-C63C1A6DD104}.Release|Any CPU.ActiveCfg = Release|Any CPU
		{85D5E777-08C9-4F55-A422-C63C1A6DD104}.Release|Any CPU.Build.0 = Release|Any CPU
	EndGlobalSection
	GlobalSection(SolutionProperties) = preSolution
		HideSolutionNode = FALSE
	EndGlobalSection
	GlobalSection(ExtensibilityGlobals) = postSolution
		SolutionGuid = {2586EC2A-9AF0-4EFB-9EFE-61963E9B62D4}
	EndGlobalSection
EndGlobal
